// !$*UTF8*$!
{
	archiveVersion = 1;
	classes = {
	};
	objectVersion = 50;
	objects = {

/* Begin PBXBuildFile section */
		45721F2076E64F093F970F29 /* Pods_HomeWorkerTests.framework in Frameworks */ = {isa = PBXBuildFile; fileRef = 9BD7D7BF4127973A8CF69986 /* Pods_HomeWorkerTests.framework */; };
		64EAEF04281DA615A6C41068 /* Pods_HomeWorkerUITests.framework in Frameworks */ = {isa = PBXBuildFile; fileRef = 169FAB12F33F95A85CFCB273 /* Pods_HomeWorkerUITests.framework */; };
		72CDDDAD3FFBB2D514C46FF8 /* Pods_HomeWorker.framework in Frameworks */ = {isa = PBXBuildFile; fileRef = 98516145DC475D04429EDD49 /* Pods_HomeWorker.framework */; };
		C3C1147621C0881C00EFB2FF /* Colors.swift in Sources */ = {isa = PBXBuildFile; fileRef = C3C1147521C0881B00EFB2FF /* Colors.swift */; };
		C3C1147B21C1441900EFB2FF /* WorkView.swift in Sources */ = {isa = PBXBuildFile; fileRef = C3C1147A21C1441900EFB2FF /* WorkView.swift */; };
		C3C1147F21C1445E00EFB2FF /* TopBar.swift in Sources */ = {isa = PBXBuildFile; fileRef = C3C1147E21C1445E00EFB2FF /* TopBar.swift */; };
		C3C1148121C1449F00EFB2FF /* DropMenuOption.swift in Sources */ = {isa = PBXBuildFile; fileRef = C3C1148021C1449F00EFB2FF /* DropMenuOption.swift */; };
		C3EDFC7621BED33A004DEC3F /* AppDelegate.swift in Sources */ = {isa = PBXBuildFile; fileRef = C3EDFC7521BED33A004DEC3F /* AppDelegate.swift */; };
		C3EDFC7821BED33A004DEC3F /* ViewController.swift in Sources */ = {isa = PBXBuildFile; fileRef = C3EDFC7721BED33A004DEC3F /* ViewController.swift */; };
		C3EDFC7D21BED33C004DEC3F /* Assets.xcassets in Resources */ = {isa = PBXBuildFile; fileRef = C3EDFC7C21BED33C004DEC3F /* Assets.xcassets */; };
		C3EDFC8021BED33C004DEC3F /* LaunchScreen.storyboard in Resources */ = {isa = PBXBuildFile; fileRef = C3EDFC7E21BED33C004DEC3F /* LaunchScreen.storyboard */; };
		C3EDFC8B21BED33C004DEC3F /* HomeWorkerTests.swift in Sources */ = {isa = PBXBuildFile; fileRef = C3EDFC8A21BED33C004DEC3F /* HomeWorkerTests.swift */; };
		C3EDFC9621BED33C004DEC3F /* HomeWorkerUITests.swift in Sources */ = {isa = PBXBuildFile; fileRef = C3EDFC9521BED33C004DEC3F /* HomeWorkerUITests.swift */; };
/* End PBXBuildFile section */

/* Begin PBXContainerItemProxy section */
		C3EDFC8721BED33C004DEC3F /* PBXContainerItemProxy */ = {
			isa = PBXContainerItemProxy;
			containerPortal = C3EDFC6A21BED33A004DEC3F /* Project object */;
			proxyType = 1;
			remoteGlobalIDString = C3EDFC7121BED33A004DEC3F;
			remoteInfo = HomeWorker;
		};
		C3EDFC9221BED33C004DEC3F /* PBXContainerItemProxy */ = {
			isa = PBXContainerItemProxy;
			containerPortal = C3EDFC6A21BED33A004DEC3F /* Project object */;
			proxyType = 1;
			remoteGlobalIDString = C3EDFC7121BED33A004DEC3F;
			remoteInfo = HomeWorker;
		};
/* End PBXContainerItemProxy section */

/* Begin PBXFileReference section */
		169FAB12F33F95A85CFCB273 /* Pods_HomeWorkerUITests.framework */ = {isa = PBXFileReference; explicitFileType = wrapper.framework; includeInIndex = 0; path = Pods_HomeWorkerUITests.framework; sourceTree = BUILT_PRODUCTS_DIR; };
		1B621549D168868EA6BEC635 /* Pods-HomeWorkerUITests.release.xcconfig */ = {isa = PBXFileReference; includeInIndex = 1; lastKnownFileType = text.xcconfig; name = "Pods-HomeWorkerUITests.release.xcconfig"; path = "Pods/Target Support Files/Pods-HomeWorkerUITests/Pods-HomeWorkerUITests.release.xcconfig"; sourceTree = "<group>"; };
		3DFE6F86D48B1E17F286996A /* Pods-HomeWorkerTests.debug.xcconfig */ = {isa = PBXFileReference; includeInIndex = 1; lastKnownFileType = text.xcconfig; name = "Pods-HomeWorkerTests.debug.xcconfig"; path = "Pods/Target Support Files/Pods-HomeWorkerTests/Pods-HomeWorkerTests.debug.xcconfig"; sourceTree = "<group>"; };
		4AA8C73C6DE5069015BC6AB3 /* Pods-HomeWorkerUITests.debug.xcconfig */ = {isa = PBXFileReference; includeInIndex = 1; lastKnownFileType = text.xcconfig; name = "Pods-HomeWorkerUITests.debug.xcconfig"; path = "Pods/Target Support Files/Pods-HomeWorkerUITests/Pods-HomeWorkerUITests.debug.xcconfig"; sourceTree = "<group>"; };
		98516145DC475D04429EDD49 /* Pods_HomeWorker.framework */ = {isa = PBXFileReference; explicitFileType = wrapper.framework; includeInIndex = 0; path = Pods_HomeWorker.framework; sourceTree = BUILT_PRODUCTS_DIR; };
		9BD7D7BF4127973A8CF69986 /* Pods_HomeWorkerTests.framework */ = {isa = PBXFileReference; explicitFileType = wrapper.framework; includeInIndex = 0; path = Pods_HomeWorkerTests.framework; sourceTree = BUILT_PRODUCTS_DIR; };
		A54D5AA13B1BD8D1DA7DFEA5 /* Pods-HomeWorkerTests.release.xcconfig */ = {isa = PBXFileReference; includeInIndex = 1; lastKnownFileType = text.xcconfig; name = "Pods-HomeWorkerTests.release.xcconfig"; path = "Pods/Target Support Files/Pods-HomeWorkerTests/Pods-HomeWorkerTests.release.xcconfig"; sourceTree = "<group>"; };
		A62256AB567DAA5C341E96F7 /* Pods-HomeWorker.release.xcconfig */ = {isa = PBXFileReference; includeInIndex = 1; lastKnownFileType = text.xcconfig; name = "Pods-HomeWorker.release.xcconfig"; path = "Pods/Target Support Files/Pods-HomeWorker/Pods-HomeWorker.release.xcconfig"; sourceTree = "<group>"; };
		C3C1147521C0881B00EFB2FF /* Colors.swift */ = {isa = PBXFileReference; lastKnownFileType = sourcecode.swift; path = Colors.swift; sourceTree = "<group>"; };
		C3C1147A21C1441900EFB2FF /* WorkView.swift */ = {isa = PBXFileReference; lastKnownFileType = sourcecode.swift; path = WorkView.swift; sourceTree = "<group>"; };
		C3C1147E21C1445E00EFB2FF /* TopBar.swift */ = {isa = PBXFileReference; lastKnownFileType = sourcecode.swift; path = TopBar.swift; sourceTree = "<group>"; };
		C3C1148021C1449F00EFB2FF /* DropMenuOption.swift */ = {isa = PBXFileReference; lastKnownFileType = sourcecode.swift; path = DropMenuOption.swift; sourceTree = "<group>"; };
		C3EDFC7221BED33A004DEC3F /* HomeWorker.app */ = {isa = PBXFileReference; explicitFileType = wrapper.application; includeInIndex = 0; path = HomeWorker.app; sourceTree = BUILT_PRODUCTS_DIR; };
		C3EDFC7521BED33A004DEC3F /* AppDelegate.swift */ = {isa = PBXFileReference; lastKnownFileType = sourcecode.swift; path = AppDelegate.swift; sourceTree = "<group>"; };
		C3EDFC7721BED33A004DEC3F /* ViewController.swift */ = {isa = PBXFileReference; lastKnownFileType = sourcecode.swift; path = ViewController.swift; sourceTree = "<group>"; };
		C3EDFC7C21BED33C004DEC3F /* Assets.xcassets */ = {isa = PBXFileReference; lastKnownFileType = folder.assetcatalog; path = Assets.xcassets; sourceTree = "<group>"; };
		C3EDFC7F21BED33C004DEC3F /* Base */ = {isa = PBXFileReference; lastKnownFileType = file.storyboard; name = Base; path = Base.lproj/LaunchScreen.storyboard; sourceTree = "<group>"; };
		C3EDFC8121BED33C004DEC3F /* Info.plist */ = {isa = PBXFileReference; lastKnownFileType = text.plist.xml; path = Info.plist; sourceTree = "<group>"; };
		C3EDFC8621BED33C004DEC3F /* HomeWorkerTests.xctest */ = {isa = PBXFileReference; explicitFileType = wrapper.cfbundle; includeInIndex = 0; path = HomeWorkerTests.xctest; sourceTree = BUILT_PRODUCTS_DIR; };
		C3EDFC8A21BED33C004DEC3F /* HomeWorkerTests.swift */ = {isa = PBXFileReference; lastKnownFileType = sourcecode.swift; path = HomeWorkerTests.swift; sourceTree = "<group>"; };
		C3EDFC8C21BED33C004DEC3F /* Info.plist */ = {isa = PBXFileReference; lastKnownFileType = text.plist.xml; path = Info.plist; sourceTree = "<group>"; };
		C3EDFC9121BED33C004DEC3F /* HomeWorkerUITests.xctest */ = {isa = PBXFileReference; explicitFileType = wrapper.cfbundle; includeInIndex = 0; path = HomeWorkerUITests.xctest; sourceTree = BUILT_PRODUCTS_DIR; };
		C3EDFC9521BED33C004DEC3F /* HomeWorkerUITests.swift */ = {isa = PBXFileReference; lastKnownFileType = sourcecode.swift; path = HomeWorkerUITests.swift; sourceTree = "<group>"; };
		C3EDFC9721BED33C004DEC3F /* Info.plist */ = {isa = PBXFileReference; lastKnownFileType = text.plist.xml; path = Info.plist; sourceTree = "<group>"; };
		D026F7E5FAC173433050E0E4 /* Pods-HomeWorker.debug.xcconfig */ = {isa = PBXFileReference; includeInIndex = 1; lastKnownFileType = text.xcconfig; name = "Pods-HomeWorker.debug.xcconfig"; path = "Pods/Target Support Files/Pods-HomeWorker/Pods-HomeWorker.debug.xcconfig"; sourceTree = "<group>"; };
/* End PBXFileReference section */

/* Begin PBXFrameworksBuildPhase section */
		C3EDFC6F21BED33A004DEC3F /* Frameworks */ = {
			isa = PBXFrameworksBuildPhase;
			buildActionMask = 2147483647;
			files = (
				72CDDDAD3FFBB2D514C46FF8 /* Pods_HomeWorker.framework in Frameworks */,
			);
			runOnlyForDeploymentPostprocessing = 0;
		};
		C3EDFC8321BED33C004DEC3F /* Frameworks */ = {
			isa = PBXFrameworksBuildPhase;
			buildActionMask = 2147483647;
			files = (
				45721F2076E64F093F970F29 /* Pods_HomeWorkerTests.framework in Frameworks */,
			);
			runOnlyForDeploymentPostprocessing = 0;
		};
		C3EDFC8E21BED33C004DEC3F /* Frameworks */ = {
			isa = PBXFrameworksBuildPhase;
			buildActionMask = 2147483647;
			files = (
				64EAEF04281DA615A6C41068 /* Pods_HomeWorkerUITests.framework in Frameworks */,
			);
			runOnlyForDeploymentPostprocessing = 0;
		};
/* End PBXFrameworksBuildPhase section */

/* Begin PBXGroup section */
		19ED5C9002CDAAD2BE190709 /* Pods */ = {
			isa = PBXGroup;
			children = (
				D026F7E5FAC173433050E0E4 /* Pods-HomeWorker.debug.xcconfig */,
				A62256AB567DAA5C341E96F7 /* Pods-HomeWorker.release.xcconfig */,
				3DFE6F86D48B1E17F286996A /* Pods-HomeWorkerTests.debug.xcconfig */,
				A54D5AA13B1BD8D1DA7DFEA5 /* Pods-HomeWorkerTests.release.xcconfig */,
				4AA8C73C6DE5069015BC6AB3 /* Pods-HomeWorkerUITests.debug.xcconfig */,
				1B621549D168868EA6BEC635 /* Pods-HomeWorkerUITests.release.xcconfig */,
			);
			name = Pods;
			sourceTree = "<group>";
		};
		C3C1147721C143DE00EFB2FF /* Controller */ = {
			isa = PBXGroup;
			children = (
				C3C1147A21C1441900EFB2FF /* WorkView.swift */,
			);
			path = Controller;
			sourceTree = "<group>";
		};
		C3C1147821C143E900EFB2FF /* Model */ = {
			isa = PBXGroup;
			children = (
				C3C1148021C1449F00EFB2FF /* DropMenuOption.swift */,
			);
			path = Model;
			sourceTree = "<group>";
		};
		C3C1147921C143EF00EFB2FF /* Build */ = {
			isa = PBXGroup;
			children = (
				C3EDFC7721BED33A004DEC3F /* ViewController.swift */,
				C3C1147D21C1444E00EFB2FF /* Pieces */,
				C3C1147C21C1444400EFB2FF /* Appearance */,
			);
			path = Build;
			sourceTree = "<group>";
		};
		C3C1147C21C1444400EFB2FF /* Appearance */ = {
			isa = PBXGroup;
			children = (
				C3C1147521C0881B00EFB2FF /* Colors.swift */,
			);
			path = Appearance;
			sourceTree = "<group>";
		};
		C3C1147D21C1444E00EFB2FF /* Pieces */ = {
			isa = PBXGroup;
			children = (
				C3C1147E21C1445E00EFB2FF /* TopBar.swift */,
			);
			path = Pieces;
			sourceTree = "<group>";
		};
		C3EDFC6921BED33A004DEC3F = {
			isa = PBXGroup;
			children = (
				C3EDFC7421BED33A004DEC3F /* HomeWorker */,
				C3EDFC8921BED33C004DEC3F /* HomeWorkerTests */,
				C3EDFC9421BED33C004DEC3F /* HomeWorkerUITests */,
				C3EDFC7321BED33A004DEC3F /* Products */,
				19ED5C9002CDAAD2BE190709 /* Pods */,
				F8E44F20C9D87AB20CD75610 /* Frameworks */,
			);
			sourceTree = "<group>";
		};
		C3EDFC7321BED33A004DEC3F /* Products */ = {
			isa = PBXGroup;
			children = (
				C3EDFC7221BED33A004DEC3F /* HomeWorker.app */,
				C3EDFC8621BED33C004DEC3F /* HomeWorkerTests.xctest */,
				C3EDFC9121BED33C004DEC3F /* HomeWorkerUITests.xctest */,
			);
			name = Products;
			sourceTree = "<group>";
		};
		C3EDFC7421BED33A004DEC3F /* HomeWorker */ = {
			isa = PBXGroup;
			children = (
				C3EDFC7521BED33A004DEC3F /* AppDelegate.swift */,
				C3C1147721C143DE00EFB2FF /* Controller */,
				C3C1147821C143E900EFB2FF /* Model */,
				C3C1147921C143EF00EFB2FF /* Build */,
				C3EDFC7C21BED33C004DEC3F /* Assets.xcassets */,
				C3EDFC7E21BED33C004DEC3F /* LaunchScreen.storyboard */,
				C3EDFC8121BED33C004DEC3F /* Info.plist */,
			);
			path = HomeWorker;
			sourceTree = "<group>";
		};
		C3EDFC8921BED33C004DEC3F /* HomeWorkerTests */ = {
			isa = PBXGroup;
			children = (
				C3EDFC8A21BED33C004DEC3F /* HomeWorkerTests.swift */,
				C3EDFC8C21BED33C004DEC3F /* Info.plist */,
			);
			path = HomeWorkerTests;
			sourceTree = "<group>";
		};
		C3EDFC9421BED33C004DEC3F /* HomeWorkerUITests */ = {
			isa = PBXGroup;
			children = (
				C3EDFC9521BED33C004DEC3F /* HomeWorkerUITests.swift */,
				C3EDFC9721BED33C004DEC3F /* Info.plist */,
			);
			path = HomeWorkerUITests;
			sourceTree = "<group>";
		};
		F8E44F20C9D87AB20CD75610 /* Frameworks */ = {
			isa = PBXGroup;
			children = (
				98516145DC475D04429EDD49 /* Pods_HomeWorker.framework */,
				9BD7D7BF4127973A8CF69986 /* Pods_HomeWorkerTests.framework */,
				169FAB12F33F95A85CFCB273 /* Pods_HomeWorkerUITests.framework */,
			);
			name = Frameworks;
			sourceTree = "<group>";
		};
/* End PBXGroup section */

/* Begin PBXNativeTarget section */
		C3EDFC7121BED33A004DEC3F /* HomeWorker */ = {
			isa = PBXNativeTarget;
			buildConfigurationList = C3EDFC9A21BED33C004DEC3F /* Build configuration list for PBXNativeTarget "HomeWorker" */;
			buildPhases = (
				B98EDFF2B9C725DDA024A892 /* [CP] Check Pods Manifest.lock */,
				C3EDFC6E21BED33A004DEC3F /* Sources */,
				C3EDFC6F21BED33A004DEC3F /* Frameworks */,
				C3EDFC7021BED33A004DEC3F /* Resources */,
				26956800F3215BE7A5D31E7B /* [CP] Embed Pods Frameworks */,
			);
			buildRules = (
			);
			dependencies = (
			);
			name = HomeWorker;
			productName = HomeWorker;
			productReference = C3EDFC7221BED33A004DEC3F /* HomeWorker.app */;
			productType = "com.apple.product-type.application";
		};
		C3EDFC8521BED33C004DEC3F /* HomeWorkerTests */ = {
			isa = PBXNativeTarget;
			buildConfigurationList = C3EDFC9D21BED33C004DEC3F /* Build configuration list for PBXNativeTarget "HomeWorkerTests" */;
			buildPhases = (
				9D514553062C0C35E2409439 /* [CP] Check Pods Manifest.lock */,
				C3EDFC8221BED33C004DEC3F /* Sources */,
				C3EDFC8321BED33C004DEC3F /* Frameworks */,
				C3EDFC8421BED33C004DEC3F /* Resources */,
			);
			buildRules = (
			);
			dependencies = (
				C3EDFC8821BED33C004DEC3F /* PBXTargetDependency */,
			);
			name = HomeWorkerTests;
			productName = HomeWorkerTests;
			productReference = C3EDFC8621BED33C004DEC3F /* HomeWorkerTests.xctest */;
			productType = "com.apple.product-type.bundle.unit-test";
		};
		C3EDFC9021BED33C004DEC3F /* HomeWorkerUITests */ = {
			isa = PBXNativeTarget;
			buildConfigurationList = C3EDFCA021BED33C004DEC3F /* Build configuration list for PBXNativeTarget "HomeWorkerUITests" */;
			buildPhases = (
				ECD7AAC55E1C3DD238E2F952 /* [CP] Check Pods Manifest.lock */,
				C3EDFC8D21BED33C004DEC3F /* Sources */,
				C3EDFC8E21BED33C004DEC3F /* Frameworks */,
				C3EDFC8F21BED33C004DEC3F /* Resources */,
			);
			buildRules = (
			);
			dependencies = (
				C3EDFC9321BED33C004DEC3F /* PBXTargetDependency */,
			);
			name = HomeWorkerUITests;
			productName = HomeWorkerUITests;
			productReference = C3EDFC9121BED33C004DEC3F /* HomeWorkerUITests.xctest */;
			productType = "com.apple.product-type.bundle.ui-testing";
		};
/* End PBXNativeTarget section */

/* Begin PBXProject section */
		C3EDFC6A21BED33A004DEC3F /* Project object */ = {
			isa = PBXProject;
			attributes = {
				LastSwiftUpdateCheck = 1010;
				LastUpgradeCheck = 1010;
				ORGANIZATIONNAME = "Ryan Topham";
				TargetAttributes = {
					C3EDFC7121BED33A004DEC3F = {
						CreatedOnToolsVersion = 10.1;
					};
					C3EDFC8521BED33C004DEC3F = {
						CreatedOnToolsVersion = 10.1;
						TestTargetID = C3EDFC7121BED33A004DEC3F;
					};
					C3EDFC9021BED33C004DEC3F = {
						CreatedOnToolsVersion = 10.1;
						TestTargetID = C3EDFC7121BED33A004DEC3F;
					};
				};
			};
			buildConfigurationList = C3EDFC6D21BED33A004DEC3F /* Build configuration list for PBXProject "HomeWorker" */;
			compatibilityVersion = "Xcode 9.3";
			developmentRegion = en;
			hasScannedForEncodings = 0;
			knownRegions = (
				en,
				Base,
			);
			mainGroup = C3EDFC6921BED33A004DEC3F;
			productRefGroup = C3EDFC7321BED33A004DEC3F /* Products */;
			projectDirPath = "";
			projectRoot = "";
			targets = (
				C3EDFC7121BED33A004DEC3F /* HomeWorker */,
				C3EDFC8521BED33C004DEC3F /* HomeWorkerTests */,
				C3EDFC9021BED33C004DEC3F /* HomeWorkerUITests */,
			);
		};
/* End PBXProject section */

/* Begin PBXResourcesBuildPhase section */
		C3EDFC7021BED33A004DEC3F /* Resources */ = {
			isa = PBXResourcesBuildPhase;
			buildActionMask = 2147483647;
			files = (
				C3EDFC8021BED33C004DEC3F /* LaunchScreen.storyboard in Resources */,
				C3EDFC7D21BED33C004DEC3F /* Assets.xcassets in Resources */,
			);
			runOnlyForDeploymentPostprocessing = 0;
		};
		C3EDFC8421BED33C004DEC3F /* Resources */ = {
			isa = PBXResourcesBuildPhase;
			buildActionMask = 2147483647;
			files = (
			);
			runOnlyForDeploymentPostprocessing = 0;
		};
		C3EDFC8F21BED33C004DEC3F /* Resources */ = {
			isa = PBXResourcesBuildPhase;
			buildActionMask = 2147483647;
			files = (
			);
			runOnlyForDeploymentPostprocessing = 0;
		};
/* End PBXResourcesBuildPhase section */

/* Begin PBXShellScriptBuildPhase section */
		26956800F3215BE7A5D31E7B /* [CP] Embed Pods Frameworks */ = {
			isa = PBXShellScriptBuildPhase;
			buildActionMask = 2147483647;
			files = (
			);
			inputFileListPaths = (
			);
			inputPaths = (
				"${SRCROOT}/Pods/Target Support Files/Pods-HomeWorker/Pods-HomeWorker-frameworks.sh",
				"${BUILT_PRODUCTS_DIR}/Disk/Disk.framework",
				"${BUILT_PRODUCTS_DIR}/GTMSessionFetcher/GTMSessionFetcher.framework",
				"${BUILT_PRODUCTS_DIR}/GoogleUtilities/GoogleUtilities.framework",
				"${BUILT_PRODUCTS_DIR}/SwiftKeychainWrapper/SwiftKeychainWrapper.framework",
				"${BUILT_PRODUCTS_DIR}/SwiftyJSON/SwiftyJSON.framework",
				"${BUILT_PRODUCTS_DIR}/SwiftyJSONModel/SwiftyJSONModel.framework",
				"${BUILT_PRODUCTS_DIR}/leveldb-library/leveldb.framework",
				"${BUILT_PRODUCTS_DIR}/nanopb/nanopb.framework",
			);
			name = "[CP] Embed Pods Frameworks";
			outputFileListPaths = (
			);
			outputPaths = (
				"${TARGET_BUILD_DIR}/${FRAMEWORKS_FOLDER_PATH}/Disk.framework",
				"${TARGET_BUILD_DIR}/${FRAMEWORKS_FOLDER_PATH}/GTMSessionFetcher.framework",
				"${TARGET_BUILD_DIR}/${FRAMEWORKS_FOLDER_PATH}/GoogleUtilities.framework",
				"${TARGET_BUILD_DIR}/${FRAMEWORKS_FOLDER_PATH}/SwiftKeychainWrapper.framework",
				"${TARGET_BUILD_DIR}/${FRAMEWORKS_FOLDER_PATH}/SwiftyJSON.framework",
				"${TARGET_BUILD_DIR}/${FRAMEWORKS_FOLDER_PATH}/SwiftyJSONModel.framework",
				"${TARGET_BUILD_DIR}/${FRAMEWORKS_FOLDER_PATH}/leveldb.framework",
				"${TARGET_BUILD_DIR}/${FRAMEWORKS_FOLDER_PATH}/nanopb.framework",
			);
			runOnlyForDeploymentPostprocessing = 0;
			shellPath = /bin/sh;
			shellScript = "\"${SRCROOT}/Pods/Target Support Files/Pods-HomeWorker/Pods-HomeWorker-frameworks.sh\"\n";
			showEnvVarsInLog = 0;
		};
		9D514553062C0C35E2409439 /* [CP] Check Pods Manifest.lock */ = {
			isa = PBXShellScriptBuildPhase;
			buildActionMask = 2147483647;
			files = (
			);
			inputFileListPaths = (
			);
			inputPaths = (
				"${PODS_PODFILE_DIR_PATH}/Podfile.lock",
				"${PODS_ROOT}/Manifest.lock",
			);
			name = "[CP] Check Pods Manifest.lock";
			outputFileListPaths = (
			);
			outputPaths = (
				"$(DERIVED_FILE_DIR)/Pods-HomeWorkerTests-checkManifestLockResult.txt",
			);
			runOnlyForDeploymentPostprocessing = 0;
			shellPath = /bin/sh;
			shellScript = "diff \"${PODS_PODFILE_DIR_PATH}/Podfile.lock\" \"${PODS_ROOT}/Manifest.lock\" > /dev/null\nif [ $? != 0 ] ; then\n    # print error to STDERR\n    echo \"error: The sandbox is not in sync with the Podfile.lock. Run 'pod install' or update your CocoaPods installation.\" >&2\n    exit 1\nfi\n# This output is used by Xcode 'outputs' to avoid re-running this script phase.\necho \"SUCCESS\" > \"${SCRIPT_OUTPUT_FILE_0}\"\n";
			showEnvVarsInLog = 0;
		};
		B98EDFF2B9C725DDA024A892 /* [CP] Check Pods Manifest.lock */ = {
			isa = PBXShellScriptBuildPhase;
			buildActionMask = 2147483647;
			files = (
			);
			inputFileListPaths = (
			);
			inputPaths = (
				"${PODS_PODFILE_DIR_PATH}/Podfile.lock",
				"${PODS_ROOT}/Manifest.lock",
			);
			name = "[CP] Check Pods Manifest.lock";
			outputFileListPaths = (
			);
			outputPaths = (
				"$(DERIVED_FILE_DIR)/Pods-HomeWorker-checkManifestLockResult.txt",
			);
			runOnlyForDeploymentPostprocessing = 0;
			shellPath = /bin/sh;
			shellScript = "diff \"${PODS_PODFILE_DIR_PATH}/Podfile.lock\" \"${PODS_ROOT}/Manifest.lock\" > /dev/null\nif [ $? != 0 ] ; then\n    # print error to STDERR\n    echo \"error: The sandbox is not in sync with the Podfile.lock. Run 'pod install' or update your CocoaPods installation.\" >&2\n    exit 1\nfi\n# This output is used by Xcode 'outputs' to avoid re-running this script phase.\necho \"SUCCESS\" > \"${SCRIPT_OUTPUT_FILE_0}\"\n";
			showEnvVarsInLog = 0;
		};
		ECD7AAC55E1C3DD238E2F952 /* [CP] Check Pods Manifest.lock */ = {
			isa = PBXShellScriptBuildPhase;
			buildActionMask = 2147483647;
			files = (
			);
			inputFileListPaths = (
			);
			inputPaths = (
				"${PODS_PODFILE_DIR_PATH}/Podfile.lock",
				"${PODS_ROOT}/Manifest.lock",
			);
			name = "[CP] Check Pods Manifest.lock";
			outputFileListPaths = (
			);
			outputPaths = (
				"$(DERIVED_FILE_DIR)/Pods-HomeWorkerUITests-checkManifestLockResult.txt",
			);
			runOnlyForDeploymentPostprocessing = 0;
			shellPath = /bin/sh;
			shellScript = "diff \"${PODS_PODFILE_DIR_PATH}/Podfile.lock\" \"${PODS_ROOT}/Manifest.lock\" > /dev/null\nif [ $? != 0 ] ; then\n    # print error to STDERR\n    echo \"error: The sandbox is not in sync with the Podfile.lock. Run 'pod install' or update your CocoaPods installation.\" >&2\n    exit 1\nfi\n# This output is used by Xcode 'outputs' to avoid re-running this script phase.\necho \"SUCCESS\" > \"${SCRIPT_OUTPUT_FILE_0}\"\n";
			showEnvVarsInLog = 0;
		};
/* End PBXShellScriptBuildPhase section */

/* Begin PBXSourcesBuildPhase section */
		C3EDFC6E21BED33A004DEC3F /* Sources */ = {
			isa = PBXSourcesBuildPhase;
			buildActionMask = 2147483647;
			files = (
				C3EDFC7821BED33A004DEC3F /* ViewController.swift in Sources */,
				C3C1147621C0881C00EFB2FF /* Colors.swift in Sources */,
				C3C1148121C1449F00EFB2FF /* DropMenuOption.swift in Sources */,
				C3C1147F21C1445E00EFB2FF /* TopBar.swift in Sources */,
				C3EDFC7621BED33A004DEC3F /* AppDelegate.swift in Sources */,
				C3C1147B21C1441900EFB2FF /* WorkView.swift in Sources */,
			);
			runOnlyForDeploymentPostprocessing = 0;
		};
		C3EDFC8221BED33C004DEC3F /* Sources */ = {
			isa = PBXSourcesBuildPhase;
			buildActionMask = 2147483647;
			files = (
				C3EDFC8B21BED33C004DEC3F /* HomeWorkerTests.swift in Sources */,
			);
			runOnlyForDeploymentPostprocessing = 0;
		};
		C3EDFC8D21BED33C004DEC3F /* Sources */ = {
			isa = PBXSourcesBuildPhase;
			buildActionMask = 2147483647;
			files = (
				C3EDFC9621BED33C004DEC3F /* HomeWorkerUITests.swift in Sources */,
			);
			runOnlyForDeploymentPostprocessing = 0;
		};
/* End PBXSourcesBuildPhase section */

/* Begin PBXTargetDependency section */
		C3EDFC8821BED33C004DEC3F /* PBXTargetDependency */ = {
			isa = PBXTargetDependency;
			target = C3EDFC7121BED33A004DEC3F /* HomeWorker */;
			targetProxy = C3EDFC8721BED33C004DEC3F /* PBXContainerItemProxy */;
		};
		C3EDFC9321BED33C004DEC3F /* PBXTargetDependency */ = {
			isa = PBXTargetDependency;
			target = C3EDFC7121BED33A004DEC3F /* HomeWorker */;
			targetProxy = C3EDFC9221BED33C004DEC3F /* PBXContainerItemProxy */;
		};
/* End PBXTargetDependency section */

/* Begin PBXVariantGroup section */
		C3EDFC7E21BED33C004DEC3F /* LaunchScreen.storyboard */ = {
			isa = PBXVariantGroup;
			children = (
				C3EDFC7F21BED33C004DEC3F /* Base */,
			);
			name = LaunchScreen.storyboard;
			sourceTree = "<group>";
		};
/* End PBXVariantGroup section */

/* Begin XCBuildConfiguration section */
		C3EDFC9821BED33C004DEC3F /* Debug */ = {
			isa = XCBuildConfiguration;
			buildSettings = {
				ALWAYS_SEARCH_USER_PATHS = NO;
				CLANG_ANALYZER_NONNULL = YES;
				CLANG_ANALYZER_NUMBER_OBJECT_CONVERSION = YES_AGGRESSIVE;
				CLANG_CXX_LANGUAGE_STANDARD = "gnu++14";
				CLANG_CXX_LIBRARY = "libc++";
				CLANG_ENABLE_MODULES = YES;
				CLANG_ENABLE_OBJC_ARC = YES;
				CLANG_ENABLE_OBJC_WEAK = YES;
				CLANG_WARN_BLOCK_CAPTURE_AUTORELEASING = YES;
				CLANG_WARN_BOOL_CONVERSION = YES;
				CLANG_WARN_COMMA = YES;
				CLANG_WARN_CONSTANT_CONVERSION = YES;
				CLANG_WARN_DEPRECATED_OBJC_IMPLEMENTATIONS = YES;
				CLANG_WARN_DIRECT_OBJC_ISA_USAGE = YES_ERROR;
				CLANG_WARN_DOCUMENTATION_COMMENTS = YES;
				CLANG_WARN_EMPTY_BODY = YES;
				CLANG_WARN_ENUM_CONVERSION = YES;
				CLANG_WARN_INFINITE_RECURSION = YES;
				CLANG_WARN_INT_CONVERSION = YES;
				CLANG_WARN_NON_LITERAL_NULL_CONVERSION = YES;
				CLANG_WARN_OBJC_IMPLICIT_RETAIN_SELF = YES;
				CLANG_WARN_OBJC_LITERAL_CONVERSION = YES;
				CLANG_WARN_OBJC_ROOT_CLASS = YES_ERROR;
				CLANG_WARN_RANGE_LOOP_ANALYSIS = YES;
				CLANG_WARN_STRICT_PROTOTYPES = YES;
				CLANG_WARN_SUSPICIOUS_MOVE = YES;
				CLANG_WARN_UNGUARDED_AVAILABILITY = YES_AGGRESSIVE;
				CLANG_WARN_UNREACHABLE_CODE = YES;
				CLANG_WARN__DUPLICATE_METHOD_MATCH = YES;
				CODE_SIGN_IDENTITY = "iPhone Developer";
				COPY_PHASE_STRIP = NO;
				DEBUG_INFORMATION_FORMAT = dwarf;
				ENABLE_STRICT_OBJC_MSGSEND = YES;
				ENABLE_TESTABILITY = YES;
				GCC_C_LANGUAGE_STANDARD = gnu11;
				GCC_DYNAMIC_NO_PIC = NO;
				GCC_NO_COMMON_BLOCKS = YES;
				GCC_OPTIMIZATION_LEVEL = 0;
				GCC_PREPROCESSOR_DEFINITIONS = (
					"DEBUG=1",
					"$(inherited)",
				);
				GCC_WARN_64_TO_32_BIT_CONVERSION = YES;
				GCC_WARN_ABOUT_RETURN_TYPE = YES_ERROR;
				GCC_WARN_UNDECLARED_SELECTOR = YES;
				GCC_WARN_UNINITIALIZED_AUTOS = YES_AGGRESSIVE;
				GCC_WARN_UNUSED_FUNCTION = YES;
				GCC_WARN_UNUSED_VARIABLE = YES;
				IPHONEOS_DEPLOYMENT_TARGET = 12.1;
				MTL_ENABLE_DEBUG_INFO = INCLUDE_SOURCE;
				MTL_FAST_MATH = YES;
				ONLY_ACTIVE_ARCH = YES;
				SDKROOT = iphoneos;
				SWIFT_ACTIVE_COMPILATION_CONDITIONS = DEBUG;
				SWIFT_OPTIMIZATION_LEVEL = "-Onone";
			};
			name = Debug;
		};
		C3EDFC9921BED33C004DEC3F /* Release */ = {
			isa = XCBuildConfiguration;
			buildSettings = {
				ALWAYS_SEARCH_USER_PATHS = NO;
				CLANG_ANALYZER_NONNULL = YES;
				CLANG_ANALYZER_NUMBER_OBJECT_CONVERSION = YES_AGGRESSIVE;
				CLANG_CXX_LANGUAGE_STANDARD = "gnu++14";
				CLANG_CXX_LIBRARY = "libc++";
				CLANG_ENABLE_MODULES = YES;
				CLANG_ENABLE_OBJC_ARC = YES;
				CLANG_ENABLE_OBJC_WEAK = YES;
				CLANG_WARN_BLOCK_CAPTURE_AUTORELEASING = YES;
				CLANG_WARN_BOOL_CONVERSION = YES;
				CLANG_WARN_COMMA = YES;
				CLANG_WARN_CONSTANT_CONVERSION = YES;
				CLANG_WARN_DEPRECATED_OBJC_IMPLEMENTATIONS = YES;
				CLANG_WARN_DIRECT_OBJC_ISA_USAGE = YES_ERROR;
				CLANG_WARN_DOCUMENTATION_COMMENTS = YES;
				CLANG_WARN_EMPTY_BODY = YES;
				CLANG_WARN_ENUM_CONVERSION = YES;
				CLANG_WARN_INFINITE_RECURSION = YES;
				CLANG_WARN_INT_CONVERSION = YES;
				CLANG_WARN_NON_LITERAL_NULL_CONVERSION = YES;
				CLANG_WARN_OBJC_IMPLICIT_RETAIN_SELF = YES;
				CLANG_WARN_OBJC_LITERAL_CONVERSION = YES;
				CLANG_WARN_OBJC_ROOT_CLASS = YES_ERROR;
				CLANG_WARN_RANGE_LOOP_ANALYSIS = YES;
				CLANG_WARN_STRICT_PROTOTYPES = YES;
				CLANG_WARN_SUSPICIOUS_MOVE = YES;
				CLANG_WARN_UNGUARDED_AVAILABILITY = YES_AGGRESSIVE;
				CLANG_WARN_UNREACHABLE_CODE = YES;
				CLANG_WARN__DUPLICATE_METHOD_MATCH = YES;
				CODE_SIGN_IDENTITY = "iPhone Developer";
				COPY_PHASE_STRIP = NO;
				DEBUG_INFORMATION_FORMAT = "dwarf-with-dsym";
				ENABLE_NS_ASSERTIONS = NO;
				ENABLE_STRICT_OBJC_MSGSEND = YES;
				GCC_C_LANGUAGE_STANDARD = gnu11;
				GCC_NO_COMMON_BLOCKS = YES;
				GCC_WARN_64_TO_32_BIT_CONVERSION = YES;
				GCC_WARN_ABOUT_RETURN_TYPE = YES_ERROR;
				GCC_WARN_UNDECLARED_SELECTOR = YES;
				GCC_WARN_UNINITIALIZED_AUTOS = YES_AGGRESSIVE;
				GCC_WARN_UNUSED_FUNCTION = YES;
				GCC_WARN_UNUSED_VARIABLE = YES;
				IPHONEOS_DEPLOYMENT_TARGET = 12.1;
				MTL_ENABLE_DEBUG_INFO = NO;
				MTL_FAST_MATH = YES;
				SDKROOT = iphoneos;
				SWIFT_COMPILATION_MODE = wholemodule;
				SWIFT_OPTIMIZATION_LEVEL = "-O";
				VALIDATE_PRODUCT = YES;
			};
			name = Release;
		};
		C3EDFC9B21BED33C004DEC3F /* Debug */ = {
			isa = XCBuildConfiguration;
			baseConfigurationReference = D026F7E5FAC173433050E0E4 /* Pods-HomeWorker.debug.xcconfig */;
			buildSettings = {
				ASSETCATALOG_COMPILER_APPICON_NAME = AppIcon;
				CODE_SIGN_STYLE = Automatic;
				DEVELOPMENT_TEAM = YFEHL9G6ZJ;
				INFOPLIST_FILE = HomeWorker/Info.plist;
				LD_RUNPATH_SEARCH_PATHS = (
					"$(inherited)",
					"@executable_path/Frameworks",
				);
				PRODUCT_BUNDLE_IDENTIFIER = angrybearcode.HomeWorker;
				PRODUCT_NAME = "$(TARGET_NAME)";
				SWIFT_VERSION = 4.2;
				TARGETED_DEVICE_FAMILY = "1,2";
			};
			name = Debug;
		};
		C3EDFC9C21BED33C004DEC3F /* Release */ = {
			isa = XCBuildConfiguration;
			baseConfigurationReference = A62256AB567DAA5C341E96F7 /* Pods-HomeWorker.release.xcconfig */;
			buildSettings = {
				ASSETCATALOG_COMPILER_APPICON_NAME = AppIcon;
				CODE_SIGN_STYLE = Automatic;
				DEVELOPMENT_TEAM = YFEHL9G6ZJ;
				INFOPLIST_FILE = HomeWorker/Info.plist;
				LD_RUNPATH_SEARCH_PATHS = (
					"$(inherited)",
					"@executable_path/Frameworks",
				);
				PRODUCT_BUNDLE_IDENTIFIER = angrybearcode.HomeWorker;
				PRODUCT_NAME = "$(TARGET_NAME)";
				SWIFT_VERSION = 4.2;
				TARGETED_DEVICE_FAMILY = "1,2";
			};
			name = Release;
		};
		C3EDFC9E21BED33C004DEC3F /* Debug */ = {
			isa = XCBuildConfiguration;
			baseConfigurationReference = 3DFE6F86D48B1E17F286996A /* Pods-HomeWorkerTests.debug.xcconfig */;
			buildSettings = {
				ALWAYS_EMBED_SWIFT_STANDARD_LIBRARIES = YES;
				BUNDLE_LOADER = "$(TEST_HOST)";
				CODE_SIGN_STYLE = Automatic;
				DEVELOPMENT_TEAM = YFEHL9G6ZJ;
				INFOPLIST_FILE = HomeWorkerTests/Info.plist;
				LD_RUNPATH_SEARCH_PATHS = (
					"$(inherited)",
					"@executable_path/Frameworks",
					"@loader_path/Frameworks",
				);
				PRODUCT_BUNDLE_IDENTIFIER = angrybearcode.HomeWorkerTests;
				PRODUCT_NAME = "$(TARGET_NAME)";
				SWIFT_VERSION = 4.2;
				TARGETED_DEVICE_FAMILY = "1,2";
				TEST_HOST = "$(BUILT_PRODUCTS_DIR)/HomeWorker.app/HomeWorker";
			};
			name = Debug;
		};
		C3EDFC9F21BED33C004DEC3F /* Release */ = {
			isa = XCBuildConfiguration;
			baseConfigurationReference = A54D5AA13B1BD8D1DA7DFEA5 /* Pods-HomeWorkerTests.release.xcconfig */;
			buildSettings = {
				ALWAYS_EMBED_SWIFT_STANDARD_LIBRARIES = YES;
				BUNDLE_LOADER = "$(TEST_HOST)";
				CODE_SIGN_STYLE = Automatic;
				DEVELOPMENT_TEAM = YFEHL9G6ZJ;
				INFOPLIST_FILE = HomeWorkerTests/Info.plist;
				LD_RUNPATH_SEARCH_PATHS = (
					"$(inherited)",
					"@executable_path/Frameworks",
					"@loader_path/Frameworks",
				);
				PRODUCT_BUNDLE_IDENTIFIER = angrybearcode.HomeWorkerTests;
				PRODUCT_NAME = "$(TARGET_NAME)";
				SWIFT_VERSION = 4.2;
				TARGETED_DEVICE_FAMILY = "1,2";
				TEST_HOST = "$(BUILT_PRODUCTS_DIR)/HomeWorker.app/HomeWorker";
			};
			name = Release;
		};
		C3EDFCA121BED33C004DEC3F /* Debug */ = {
			isa = XCBuildConfiguration;
			baseConfigurationReference = 4AA8C73C6DE5069015BC6AB3 /* Pods-HomeWorkerUITests.debug.xcconfig */;
			buildSettings = {
				ALWAYS_EMBED_SWIFT_STANDARD_LIBRARIES = YES;
				CODE_SIGN_STYLE = Automatic;
				DEVELOPMENT_TEAM = YFEHL9G6ZJ;
				INFOPLIST_FILE = HomeWorkerUITests/Info.plist;
				LD_RUNPATH_SEARCH_PATHS = (
					"$(inherited)",
					"@executable_path/Frameworks",
					"@loader_path/Frameworks",
				);
				PRODUCT_BUNDLE_IDENTIFIER = angrybearcode.HomeWorkerUITests;
				PRODUCT_NAME = "$(TARGET_NAME)";
				SWIFT_VERSION = 4.2;
				TARGETED_DEVICE_FAMILY = "1,2";
				TEST_TARGET_NAME = HomeWorker;
			};
			name = Debug;
		};
		C3EDFCA221BED33C004DEC3F /* Release */ = {
			isa = XCBuildConfiguration;
			baseConfigurationReference = 1B621549D168868EA6BEC635 /* Pods-HomeWorkerUITests.release.xcconfig */;
			buildSettings = {
				ALWAYS_EMBED_SWIFT_STANDARD_LIBRARIES = YES;
				CODE_SIGN_STYLE = Automatic;
				DEVELOPMENT_TEAM = YFEHL9G6ZJ;
				INFOPLIST_FILE = HomeWorkerUITests/Info.plist;
				LD_RUNPATH_SEARCH_PATHS = (
					"$(inherited)",
					"@executable_path/Frameworks",
					"@loader_path/Frameworks",
				);
				PRODUCT_BUNDLE_IDENTIFIER = angrybearcode.HomeWorkerUITests;
				PRODUCT_NAME = "$(TARGET_NAME)";
				SWIFT_VERSION = 4.2;
				TARGETED_DEVICE_FAMILY = "1,2";
				TEST_TARGET_NAME = HomeWorker;
			};
			name = Release;
		};
/* End XCBuildConfiguration section */

/* Begin XCConfigurationList section */
		C3EDFC6D21BED33A004DEC3F /* Build configuration list for PBXProject "HomeWorker" */ = {
			isa = XCConfigurationList;
			buildConfigurations = (
				C3EDFC9821BED33C004DEC3F /* Debug */,
				C3EDFC9921BED33C004DEC3F /* Release */,
			);
			defaultConfigurationIsVisible = 0;
			defaultConfigurationName = Release;
		};
		C3EDFC9A21BED33C004DEC3F /* Build configuration list for PBXNativeTarget "HomeWorker" */ = {
			isa = XCConfigurationList;
			buildConfigurations = (
				C3EDFC9B21BED33C004DEC3F /* Debug */,
				C3EDFC9C21BED33C004DEC3F /* Release */,
			);
			defaultConfigurationIsVisible = 0;
			defaultConfigurationName = Release;
		};
		C3EDFC9D21BED33C004DEC3F /* Build configuration list for PBXNativeTarget "HomeWorkerTests" */ = {
			isa = XCConfigurationList;
			buildConfigurations = (
				C3EDFC9E21BED33C004DEC3F /* Debug */,
				C3EDFC9F21BED33C004DEC3F /* Release */,
			);
			defaultConfigurationIsVisible = 0;
			defaultConfigurationName = Release;
		};
		C3EDFCA021BED33C004DEC3F /* Build configuration list for PBXNativeTarget "HomeWorkerUITests" */ = {
			isa = XCConfigurationList;
			buildConfigurations = (
				C3EDFCA121BED33C004DEC3F /* Debug */,
				C3EDFCA221BED33C004DEC3F /* Release */,
			);
			defaultConfigurationIsVisible = 0;
			defaultConfigurationName = Release;
		};
/* End XCConfigurationList section */
	};
	rootObject = C3EDFC6A21BED33A004DEC3F /* Project object */;
}
